
Microsoft Visual Studio Solution File, Format Version 12.00
# Visual Studio Version 17
VisualStudioVersion = 17.8.34408.163
MinimumVisualStudioVersion = 10.0.40219.1
Project("{FAE04EC0-301F-11D3-BF4B-00C04F79EFBC}") = "ITI.HospitalConsoleApp", "ITI.HospitalConsoleApp\ITI.HospitalConsoleApp.csproj", "{82516D9D-9ECC-43EE-8C5E-F795111D980E}"
EndProject
Global
	GlobalSection(SolutionConfigurationPlatforms) = preSolution
		Debug|Any CPU = Debug|Any CPU
		Release|Any CPU = Release|Any CPU
	EndGlobalSection
	GlobalSection(ProjectConfigurationPlatforms) = postSolution
		{82516D9D-9ECC-43EE-8C5E-F795111D980E}.Debug|Any CPU.ActiveCfg = Debug|Any CPU
		{82516D9D-9ECC-43EE-8C5E-F795111D980E}.Debug|Any CPU.Build.0 = Debug|Any CPU
		{82516D9D-9ECC-43EE-8C5E-F795111D980E}.Release|Any CPU.ActiveCfg = Release|Any CPU
		{82516D9D-9ECC-43EE-8C5E-F795111D980E}.Release|Any CPU.Build.0 = Release|Any CPU
	EndGlobalSection
	GlobalSection(SolutionProperties) = preSolution
		HideSolutionNode = FALSE
	EndGlobalSection
	GlobalSection(ExtensibilityGlobals) = postSolution
		SolutionGuid = {487A5C5A-9366-44A9-A58E-D1DAA35D446F}
	EndGlobalSection
EndGlobal
